
Microsoft Visual Studio Solution File, Format Version 12.00
# Visual Studio Version 16
VisualStudioVersion = 16.0.28803.156
MinimumVisualStudioVersion = 10.0.40219.1
Project("{9A19103F-16F7-4668-BE54-9A1E7A4F7556}") = "CaixaEletronico", "CaixaEletronico.csproj", "{94D2625A-B3A6-4337-8507-76691C02F5AF}"
EndProject
Global
	GlobalSection(SolutionConfigurationPlatforms) = preSolution
		Debug|Any CPU = Debug|Any CPU
		Release|Any CPU = Release|Any CPU
	EndGlobalSection
	GlobalSection(ProjectConfigurationPlatforms) = postSolution
		{94D2625A-B3A6-4337-8507-76691C02F5AF}.Debug|Any CPU.ActiveCfg = Debug|Any CPU
		{94D2625A-B3A6-4337-8507-76691C02F5AF}.Debug|Any CPU.Build.0 = Debug|Any CPU
		{94D2625A-B3A6-4337-8507-76691C02F5AF}.Release|Any CPU.ActiveCfg = Release|Any CPU
		{94D2625A-B3A6-4337-8507-76691C02F5AF}.Release|Any CPU.Build.0 = Release|Any CPU
	EndGlobalSection
	GlobalSection(SolutionProperties) = preSolution
		HideSolutionNode = FALSE
	EndGlobalSection
	GlobalSection(ExtensibilityGlobals) = postSolution
		SolutionGuid = {B614D837-5E4D-46D2-83E8-100E6C20B035}
	EndGlobalSection
EndGlobal
